// !$*UTF8*$!
{
	archiveVersion = 1;
	classes = {
	};
	objectVersion = 77;
	objects = {

/* Begin PBXContainerItemProxy section */
		FBD9F1CC2E053716001A326A /* PBXContainerItemProxy */ = {
			isa = PBXContainerItemProxy;
			containerPortal = FBD9F1B52E053715001A326A /* Project object */;
			proxyType = 1;
			remoteGlobalIDString = FBD9F1BC2E053715001A326A;
			remoteInfo = multitools;
		};
		FBD9F1D62E053716001A326A /* PBXContainerItemProxy */ = {
			isa = PBXContainerItemProxy;
			containerPortal = FBD9F1B52E053715001A326A /* Project object */;
			proxyType = 1;
			remoteGlobalIDString = FBD9F1BC2E053715001A326A;
			remoteInfo = multitools;
		};
/* End PBXContainerItemProxy section */

/* Begin PBXFileReference section */
		FBD9F1BD2E053715001A326A /* multitools.app */ = {isa = PBXFileReference; explicitFileType = wrapper.application; includeInIndex = 0; path = multitools.app; sourceTree = BUILT_PRODUCTS_DIR; };
		FBD9F1CB2E053716001A326A /* multitoolsTests.xctest */ = {isa = PBXFileReference; explicitFileType = wrapper.cfbundle; includeInIndex = 0; path = multitoolsTests.xctest; sourceTree = BUILT_PRODUCTS_DIR; };
		FBD9F1D52E053716001A326A /* multitoolsUITests.xctest */ = {isa = PBXFileReference; explicitFileType = wrapper.cfbundle; includeInIndex = 0; path = multitoolsUITests.xctest; sourceTree = BUILT_PRODUCTS_DIR; };
/* End PBXFileReference section */

/* Begin PBXFileSystemSynchronizedBuildFileExceptionSet section */
		FBD9F2472E05377B001A326A /* Exceptions for "multitools" folder in "multitoolsTests" target */ = {
			isa = PBXFileSystemSynchronizedBuildFileExceptionSet;
			membershipExceptions = (
				ConstructionView.swift,
				ContentView.swift,
				DownloadView.swift,
				EncryptedView.swift,
				GamertagGenView.swift,
				HTMLWebView.swift,
				ImageupscaleView.swift,
				IpaintallerView.swift,
				LoginView.swift,
				"MultiToolsApp 2.swift",
				PasswordGenView.swift,
				PatchnotesView.swift,
				QrCodeGenView.swift,
				SettingsView.swift,
				SubscriptionsView.swift,
				TiktokDownloaderView.swift,
				TimerView.swift,
				TipcalculatorView.swift,
				TosView.swift,
				UnitconverterView.swift,
				UsefulToolsView.swift,
				WebclipView.swift,
				YtDownloaderView.swift,
			);
			target = FBD9F1CA2E053716001A326A /* multitoolsTests */;
		};
		FBD9F2482E05377B001A326A /* Exceptions for "multitools" folder in "multitoolsUITests" target */ = {
			isa = PBXFileSystemSynchronizedBuildFileExceptionSet;
			membershipExceptions = (
				ConstructionView.swift,
				ContentView.swift,
				DownloadView.swift,
				EncryptedView.swift,
				GamertagGenView.swift,
				HTMLWebView.swift,
				ImageupscaleView.swift,
				IpaintallerView.swift,
				LoginView.swift,
				"MultiToolsApp 2.swift",
				PasswordGenView.swift,
				PatchnotesView.swift,
				QrCodeGenView.swift,
				SettingsView.swift,
				SubscriptionsView.swift,
				TiktokDownloaderView.swift,
				TimerView.swift,
				TipcalculatorView.swift,
				TosView.swift,
				UnitconverterView.swift,
				UsefulToolsView.swift,
				WebclipView.swift,
				YtDownloaderView.swift,
			);
			target = FBD9F1D42E053716001A326A /* multitoolsUITests */;
		};
/* End PBXFileSystemSynchronizedBuildFileExceptionSet section */

/* Begin PBXFileSystemSynchronizedRootGroup section */
		FBD9F1BF2E053715001A326A /* multitools */ = {
			isa = PBXFileSystemSynchronizedRootGroup;
			exceptions = (
				FBD9F2472E05377B001A326A /* Exceptions for "multitools" folder in "multitoolsTests" target */,
				FBD9F2482E05377B001A326A /* Exceptions for "multitools" folder in "multitoolsUITests" target */,
			);
			path = multitools;
			sourceTree = "<group>";
		};
		FBD9F1CE2E053716001A326A /* multitoolsTests */ = {
			isa = PBXFileSystemSynchronizedRootGroup;
			path = multitoolsTests;
			sourceTree = "<group>";
		};
		FBD9F1D82E053716001A326A /* multitoolsUITests */ = {
			isa = PBXFileSystemSynchronizedRootGroup;
			path = multitoolsUITests;
			sourceTree = "<group>";
		};
/* End PBXFileSystemSynchronizedRootGroup section */

/* Begin PBXFrameworksBuildPhase section */
		FBD9F1BA2E053715001A326A /* Frameworks */ = {
			isa = PBXFrameworksBuildPhase;
			buildActionMask = 2147483647;
			files = (
			);
			runOnlyForDeploymentPostprocessing = 0;
		};
		FBD9F1C82E053716001A326A /* Frameworks */ = {
			isa = PBXFrameworksBuildPhase;
			buildActionMask = 2147483647;
			files = (
			);
			runOnlyForDeploymentPostprocessing = 0;
		};
		FBD9F1D22E053716001A326A /* Frameworks */ = {
			isa = PBXFrameworksBuildPhase;
			buildActionMask = 2147483647;
			files = (
			);
			runOnlyForDeploymentPostprocessing = 0;
		};
/* End PBXFrameworksBuildPhase section */

/* Begin PBXGroup section */
		FBD9F1B42E053715001A326A = {
			isa = PBXGroup;
			children = (
				FBD9F1BF2E053715001A326A /* multitools */,
				FBD9F1CE2E053716001A326A /* multitoolsTests */,
				FBD9F1D82E053716001A326A /* multitoolsUITests */,
				FBD9F1BE2E053715001A326A /* Products */,
			);
			sourceTree = "<group>";
		};
		FBD9F1BE2E053715001A326A /* Products */ = {
			isa = PBXGroup;
			children = (
				FBD9F1BD2E053715001A326A /* multitools.app */,
				FBD9F1CB2E053716001A326A /* multitoolsTests.xctest */,
				FBD9F1D52E053716001A326A /* multitoolsUITests.xctest */,
			);
			name = Products;
			sourceTree = "<group>";
		};
/* End PBXGroup section */

/* Begin PBXNativeTarget section */
		FBD9F1BC2E053715001A326A /* multitools */ = {
			isa = PBXNativeTarget;
			buildConfigurationList = FBD9F1DF2E053716001A326A /* Build configuration list for PBXNativeTarget "multitools" */;
			buildPhases = (
				FBD9F1B92E053715001A326A /* Sources */,
				FBD9F1BA2E053715001A326A /* Frameworks */,
				FBD9F1BB2E053715001A326A /* Resources */,
			);
			buildRules = (
			);
			dependencies = (
			);
			fileSystemSynchronizedGroups = (
				FBD9F1BF2E053715001A326A /* multitools */,
			);
			name = multitools;
			packageProductDependencies = (
			);
			productName = multitools;
			productReference = FBD9F1BD2E053715001A326A /* multitools.app */;
			productType = "com.apple.product-type.application";
		};
		FBD9F1CA2E053716001A326A /* multitoolsTests */ = {
			isa = PBXNativeTarget;
			buildConfigurationList = FBD9F1E22E053716001A326A /* Build configuration list for PBXNativeTarget "multitoolsTests" */;
			buildPhases = (
				FBD9F1C72E053716001A326A /* Sources */,
				FBD9F1C82E053716001A326A /* Frameworks */,
				FBD9F1C92E053716001A326A /* Resources */,
			);
			buildRules = (
			);
			dependencies = (
				FBD9F1CD2E053716001A326A /* PBXTargetDependency */,
			);
			fileSystemSynchronizedGroups = (
				FBD9F1CE2E053716001A326A /* multitoolsTests */,
			);
			name = multitoolsTests;
			packageProductDependencies = (
			);
			productName = multitoolsTests;
			productReference = FBD9F1CB2E053716001A326A /* multitoolsTests.xctest */;
			productType = "com.apple.product-type.bundle.unit-test";
		};
		FBD9F1D42E053716001A326A /* multitoolsUITests */ = {
			isa = PBXNativeTarget;
			buildConfigurationList = FBD9F1E52E053716001A326A /* Build configuration list for PBXNativeTarget "multitoolsUITests" */;
			buildPhases = (
				FBD9F1D12E053716001A326A /* Sources */,
				FBD9F1D22E053716001A326A /* Frameworks */,
				FBD9F1D32E053716001A326A /* Resources */,
			);
			buildRules = (
			);
			dependencies = (
				FBD9F1D72E053716001A326A /* PBXTargetDependency */,
			);
			fileSystemSynchronizedGroups = (
				FBD9F1D82E053716001A326A /* multitoolsUITests */,
			);
			name = multitoolsUITests;
			packageProductDependencies = (
			);
			productName = multitoolsUITests;
			productReference = FBD9F1D52E053716001A326A /* multitoolsUITests.xctest */;
			productType = "com.apple.product-type.bundle.ui-testing";
		};
/* End PBXNativeTarget section */

/* Begin PBXProject section */
		FBD9F1B52E053715001A326A /* Project object */ = {
			isa = PBXProject;
			attributes = {
				BuildIndependentTargetsInParallel = 1;
				LastSwiftUpdateCheck = 1640;
				LastUpgradeCheck = 1640;
				TargetAttributes = {
					FBD9F1BC2E053715001A326A = {
						CreatedOnToolsVersion = 16.4;
					};
					FBD9F1CA2E053716001A326A = {
						CreatedOnToolsVersion = 16.4;
						TestTargetID = FBD9F1BC2E053715001A326A;
					};
					FBD9F1D42E053716001A326A = {
						CreatedOnToolsVersion = 16.4;
						TestTargetID = FBD9F1BC2E053715001A326A;
					};
				};
			};
			buildConfigurationList = FBD9F1B82E053715001A326A /* Build configuration list for PBXProject "multitools" */;
			developmentRegion = en;
			hasScannedForEncodings = 0;
			knownRegions = (
				en,
				Base,
			);
			mainGroup = FBD9F1B42E053715001A326A;
			minimizedProjectReferenceProxies = 1;
			preferredProjectObjectVersion = 77;
			productRefGroup = FBD9F1BE2E053715001A326A /* Products */;
			projectDirPath = "";
			projectRoot = "";
			targets = (
				FBD9F1BC2E053715001A326A /* multitools */,
				FBD9F1CA2E053716001A326A /* multitoolsTests */,
				FBD9F1D42E053716001A326A /* multitoolsUITests */,
			);
		};
/* End PBXProject section */

/* Begin PBXResourcesBuildPhase section */
		FBD9F1BB2E053715001A326A /* Resources */ = {
			isa = PBXResourcesBuildPhase;
			buildActionMask = 2147483647;
			files = (
			);
			runOnlyForDeploymentPostprocessing = 0;
		};
		FBD9F1C92E053716001A326A /* Resources */ = {
			isa = PBXResourcesBuildPhase;
			buildActionMask = 2147483647;
			files = (
			);
			runOnlyForDeploymentPostprocessing = 0;
		};
		FBD9F1D32E053716001A326A /* Resources */ = {
			isa = PBXResourcesBuildPhase;
			buildActionMask = 2147483647;
			files = (
			);
			runOnlyForDeploymentPostprocessing = 0;
		};
/* End PBXResourcesBuildPhase section */

/* Begin PBXSourcesBuildPhase section */
		FBD9F1B92E053715001A326A /* Sources */ = {
			isa = PBXSourcesBuildPhase;
			buildActionMask = 2147483647;
			files = (
			);
			runOnlyForDeploymentPostprocessing = 0;
		};
		FBD9F1C72E053716001A326A /* Sources */ = {
			isa = PBXSourcesBuildPhase;
			buildActionMask = 2147483647;
			files = (
			);
			runOnlyForDeploymentPostprocessing = 0;
		};
		FBD9F1D12E053716001A326A /* Sources */ = {
			isa = PBXSourcesBuildPhase;
			buildActionMask = 2147483647;
			files = (
			);
			runOnlyForDeploymentPostprocessing = 0;
		};
/* End PBXSourcesBuildPhase section */

/* Begin PBXTargetDependency section */
		FBD9F1CD2E053716001A326A /* PBXTargetDependency */ = {
			isa = PBXTargetDependency;
			target = FBD9F1BC2E053715001A326A /* multitools */;
			targetProxy = FBD9F1CC2E053716001A326A /* PBXContainerItemProxy */;
		};
		FBD9F1D72E053716001A326A /* PBXTargetDependency */ = {
			isa = PBXTargetDependency;
			target = FBD9F1BC2E053715001A326A /* multitools */;
			targetProxy = FBD9F1D62E053716001A326A /* PBXContainerItemProxy */;
		};
/* End PBXTargetDependency section */

/* Begin XCBuildConfiguration section */
		FBD9F1DD2E053716001A326A /* Debug */ = {
			isa = XCBuildConfiguration;
			buildSettings = {
				ALWAYS_SEARCH_USER_PATHS = NO;
				ASSETCATALOG_COMPILER_GENERATE_SWIFT_ASSET_SYMBOL_EXTENSIONS = YES;
				CLANG_ANALYZER_NONNULL = YES;
				CLANG_ANALYZER_NUMBER_OBJECT_CONVERSION = YES_AGGRESSIVE;
				CLANG_CXX_LANGUAGE_STANDARD = "gnu++20";
				CLANG_ENABLE_MODULES = YES;
				CLANG_ENABLE_OBJC_ARC = YES;
				CLANG_ENABLE_OBJC_WEAK = YES;
				CLANG_WARN_BLOCK_CAPTURE_AUTORELEASING = YES;
				CLANG_WARN_BOOL_CONVERSION = YES;
				CLANG_WARN_COMMA = YES;
				CLANG_WARN_CONSTANT_CONVERSION = YES;
				CLANG_WARN_DEPRECATED_OBJC_IMPLEMENTATIONS = YES;
				CLANG_WARN_DIRECT_OBJC_ISA_USAGE = YES_ERROR;
				CLANG_WARN_DOCUMENTATION_COMMENTS = YES;
				CLANG_WARN_EMPTY_BODY = YES;
				CLANG_WARN_ENUM_CONVERSION = YES;
				CLANG_WARN_INFINITE_RECURSION = YES;
				CLANG_WARN_INT_CONVERSION = YES;
				CLANG_WARN_NON_LITERAL_NULL_CONVERSION = YES;
				CLANG_WARN_OBJC_IMPLICIT_RETAIN_SELF = YES;
				CLANG_WARN_OBJC_LITERAL_CONVERSION = YES;
				CLANG_WARN_OBJC_ROOT_CLASS = YES_ERROR;
				CLANG_WARN_QUOTED_INCLUDE_IN_FRAMEWORK_HEADER = YES;
				CLANG_WARN_RANGE_LOOP_ANALYSIS = YES;
				CLANG_WARN_STRICT_PROTOTYPES = YES;
				CLANG_WARN_SUSPICIOUS_MOVE = YES;
				CLANG_WARN_UNGUARDED_AVAILABILITY = YES_AGGRESSIVE;
				CLANG_WARN_UNREACHABLE_CODE = YES;
				CLANG_WARN__DUPLICATE_METHOD_MATCH = YES;
				COPY_PHASE_STRIP = NO;
				DEBUG_INFORMATION_FORMAT = dwarf;
				DEVELOPMENT_TEAM = 7TJTVN33V2;
				ENABLE_STRICT_OBJC_MSGSEND = YES;
				ENABLE_TESTABILITY = YES;
				ENABLE_USER_SCRIPT_SANDBOXING = YES;
				GCC_C_LANGUAGE_STANDARD = gnu17;
				GCC_DYNAMIC_NO_PIC = NO;
				GCC_NO_COMMON_BLOCKS = YES;
				GCC_OPTIMIZATION_LEVEL = 0;
				GCC_PREPROCESSOR_DEFINITIONS = (
					"DEBUG=1",
					"$(inherited)",
				);
				GCC_WARN_64_TO_32_BIT_CONVERSION = YES;
				GCC_WARN_ABOUT_RETURN_TYPE = YES_ERROR;
				GCC_WARN_UNDECLARED_SELECTOR = YES;
				GCC_WARN_UNINITIALIZED_AUTOS = YES_AGGRESSIVE;
				GCC_WARN_UNUSED_FUNCTION = YES;
				GCC_WARN_UNUSED_VARIABLE = YES;
				LOCALIZATION_PREFERS_STRING_CATALOGS = YES;
				MTL_ENABLE_DEBUG_INFO = INCLUDE_SOURCE;
				MTL_FAST_MATH = YES;
				ONLY_ACTIVE_ARCH = YES;
				SWIFT_ACTIVE_COMPILATION_CONDITIONS = "DEBUG $(inherited)";
				SWIFT_OPTIMIZATION_LEVEL = "-Onone";
			};
			name = Debug;
		};
		FBD9F1DE2E053716001A326A /* Release */ = {
			isa = XCBuildConfiguration;
			buildSettings = {
				ALWAYS_SEARCH_USER_PATHS = NO;
				ASSETCATALOG_COMPILER_GENERATE_SWIFT_ASSET_SYMBOL_EXTENSIONS = YES;
				CLANG_ANALYZER_NONNULL = YES;
				CLANG_ANALYZER_NUMBER_OBJECT_CONVERSION = YES_AGGRESSIVE;
				CLANG_CXX_LANGUAGE_STANDARD = "gnu++20";
				CLANG_ENABLE_MODULES = YES;
				CLANG_ENABLE_OBJC_ARC = YES;
				CLANG_ENABLE_OBJC_WEAK = YES;
				CLANG_WARN_BLOCK_CAPTURE_AUTORELEASING = YES;
				CLANG_WARN_BOOL_CONVERSION = YES;
				CLANG_WARN_COMMA = YES;
				CLANG_WARN_CONSTANT_CONVERSION = YES;
				CLANG_WARN_DEPRECATED_OBJC_IMPLEMENTATIONS = YES;
				CLANG_WARN_DIRECT_OBJC_ISA_USAGE = YES_ERROR;
				CLANG_WARN_DOCUMENTATION_COMMENTS = YES;
				CLANG_WARN_EMPTY_BODY = YES;
				CLANG_WARN_ENUM_CONVERSION = YES;
				CLANG_WARN_INFINITE_RECURSION = YES;
				CLANG_WARN_INT_CONVERSION = YES;
				CLANG_WARN_NON_LITERAL_NULL_CONVERSION = YES;
				CLANG_WARN_OBJC_IMPLICIT_RETAIN_SELF = YES;
				CLANG_WARN_OBJC_LITERAL_CONVERSION = YES;
				CLANG_WARN_OBJC_ROOT_CLASS = YES_ERROR;
				CLANG_WARN_QUOTED_INCLUDE_IN_FRAMEWORK_HEADER = YES;
				CLANG_WARN_RANGE_LOOP_ANALYSIS = YES;
				CLANG_WARN_STRICT_PROTOTYPES = YES;
				CLANG_WARN_SUSPICIOUS_MOVE = YES;
				CLANG_WARN_UNGUARDED_AVAILABILITY = YES_AGGRESSIVE;
				CLANG_WARN_UNREACHABLE_CODE = YES;
				CLANG_WARN__DUPLICATE_METHOD_MATCH = YES;
				COPY_PHASE_STRIP = NO;
				DEBUG_INFORMATION_FORMAT = "dwarf-with-dsym";
				DEVELOPMENT_TEAM = 7TJTVN33V2;
				ENABLE_NS_ASSERTIONS = NO;
				ENABLE_STRICT_OBJC_MSGSEND = YES;
				ENABLE_USER_SCRIPT_SANDBOXING = YES;
				GCC_C_LANGUAGE_STANDARD = gnu17;
				GCC_NO_COMMON_BLOCKS = YES;
				GCC_WARN_64_TO_32_BIT_CONVERSION = YES;
				GCC_WARN_ABOUT_RETURN_TYPE = YES_ERROR;
				GCC_WARN_UNDECLARED_SELECTOR = YES;
				GCC_WARN_UNINITIALIZED_AUTOS = YES_AGGRESSIVE;
				GCC_WARN_UNUSED_FUNCTION = YES;
				GCC_WARN_UNUSED_VARIABLE = YES;
				LOCALIZATION_PREFERS_STRING_CATALOGS = YES;
				MTL_ENABLE_DEBUG_INFO = NO;
				MTL_FAST_MATH = YES;
				SWIFT_COMPILATION_MODE = wholemodule;
			};
			name = Release;
		};
		FBD9F1E02E053716001A326A /* Debug */ = {
			isa = XCBuildConfiguration;
			buildSettings = {
				ASSETCATALOG_COMPILER_APPICON_NAME = AppIcon;
				ASSETCATALOG_COMPILER_GLOBAL_ACCENT_COLOR_NAME = AccentColor;
				CODE_SIGN_ENTITLEMENTS = multitools/multitools.entitlements;
				CODE_SIGN_STYLE = Automatic;
				CURRENT_PROJECT_VERSION = 1;
				DEVELOPMENT_TEAM = 7TJTVN33V2;
				ENABLE_HARDENED_RUNTIME = YES;
				ENABLE_PREVIEWS = YES;
				GENERATE_INFOPLIST_FILE = YES;
				INFOPLIST_KEY_CFBundleDisplayName = MultiTools;
				"INFOPLIST_KEY_UIApplicationSceneManifest_Generation[sdk=iphoneos*]" = YES;
				"INFOPLIST_KEY_UIApplicationSceneManifest_Generation[sdk=iphonesimulator*]" = YES;
				"INFOPLIST_KEY_UIApplicationSupportsIndirectInputEvents[sdk=iphoneos*]" = YES;
				"INFOPLIST_KEY_UIApplicationSupportsIndirectInputEvents[sdk=iphonesimulator*]" = YES;
				"INFOPLIST_KEY_UILaunchScreen_Generation[sdk=iphoneos*]" = YES;
				"INFOPLIST_KEY_UILaunchScreen_Generation[sdk=iphonesimulator*]" = YES;
				"INFOPLIST_KEY_UIStatusBarStyle[sdk=iphoneos*]" = UIStatusBarStyleDefault;
				"INFOPLIST_KEY_UIStatusBarStyle[sdk=iphonesimulator*]" = UIStatusBarStyleDefault;
				INFOPLIST_KEY_UISupportedInterfaceOrientations_iPad = "UIInterfaceOrientationPortrait UIInterfaceOrientationPortraitUpsideDown UIInterfaceOrientationLandscapeLeft UIInterfaceOrientationLandscapeRight";
				INFOPLIST_KEY_UISupportedInterfaceOrientations_iPhone = "UIInterfaceOrientationPortrait UIInterfaceOrientationLandscapeLeft UIInterfaceOrientationLandscapeRight";
				IPHONEOS_DEPLOYMENT_TARGET = 18.5;
				LD_RUNPATH_SEARCH_PATHS = "@executable_path/Frameworks";
				"LD_RUNPATH_SEARCH_PATHS[sdk=macosx*]" = "@executable_path/../Frameworks";
				MACOSX_DEPLOYMENT_TARGET = 15.5;
				MARKETING_VERSION = 1.0;
				PRODUCT_BUNDLE_IDENTIFIER = steliok.multitools;
				PRODUCT_NAME = "$(TARGET_NAME)";
				REGISTER_APP_GROUPS = YES;
				SDKROOT = auto;
				SUPPORTED_PLATFORMS = "iphoneos iphonesimulator macosx";
				SUPPORTS_MACCATALYST = NO;
				SWIFT_EMIT_LOC_STRINGS = YES;
				SWIFT_VERSION = 5.0;
				TARGETED_DEVICE_FAMILY = "1,2";
				XROS_DEPLOYMENT_TARGET = 2.5;
			};
			name = Debug;
		};
		FBD9F1E12E053716001A326A /* Release */ = {
			isa = XCBuildConfiguration;
			buildSettings = {
				ASSETCATALOG_COMPILER_APPICON_NAME = AppIcon;
				ASSETCATALOG_COMPILER_GLOBAL_ACCENT_COLOR_NAME = AccentColor;
				CODE_SIGN_ENTITLEMENTS = multitools/multitools.entitlements;
				CODE_SIGN_STYLE = Automatic;
				CURRENT_PROJECT_VERSION = 1;
				DEVELOPMENT_TEAM = 7TJTVN33V2;
				ENABLE_HARDENED_RUNTIME = YES;
				ENABLE_PREVIEWS = YES;
				GENERATE_INFOPLIST_FILE = YES;
				INFOPLIST_KEY_CFBundleDisplayName = MultiTools;
				"INFOPLIST_KEY_UIApplicationSceneManifest_Generation[sdk=iphoneos*]" = YES;
				"INFOPLIST_KEY_UIApplicationSceneManifest_Generation[sdk=iphonesimulator*]" = YES;
				"INFOPLIST_KEY_UIApplicationSupportsIndirectInputEvents[sdk=iphoneos*]" = YES;
				"INFOPLIST_KEY_UIApplicationSupportsIndirectInputEvents[sdk=iphonesimulator*]" = YES;
				"INFOPLIST_KEY_UILaunchScreen_Generation[sdk=iphoneos*]" = YES;
				"INFOPLIST_KEY_UILaunchScreen_Generation[sdk=iphonesimulator*]" = YES;
				"INFOPLIST_KEY_UIStatusBarStyle[sdk=iphoneos*]" = UIStatusBarStyleDefault;
				"INFOPLIST_KEY_UIStatusBarStyle[sdk=iphonesimulator*]" = UIStatusBarStyleDefault;
				INFOPLIST_KEY_UISupportedInterfaceOrientations_iPad = "UIInterfaceOrientationPortrait UIInterfaceOrientationPortraitUpsideDown UIInterfaceOrientationLandscapeLeft UIInterfaceOrientationLandscapeRight";
				INFOPLIST_KEY_UISupportedInterfaceOrientations_iPhone = "UIInterfaceOrientationPortrait UIInterfaceOrientationLandscapeLeft UIInterfaceOrientationLandscapeRight";
				IPHONEOS_DEPLOYMENT_TARGET = 18.5;
				LD_RUNPATH_SEARCH_PATHS = "@executable_path/Frameworks";
				"LD_RUNPATH_SEARCH_PATHS[sdk=macosx*]" = "@executable_path/../Frameworks";
				MACOSX_DEPLOYMENT_TARGET = 15.5;
				MARKETING_VERSION = 1.0;
				PRODUCT_BUNDLE_IDENTIFIER = steliok.multitools;
				PRODUCT_NAME = "$(TARGET_NAME)";
				REGISTER_APP_GROUPS = YES;
				SDKROOT = auto;
				SUPPORTED_PLATFORMS = "iphoneos iphonesimulator macosx";
				SUPPORTS_MACCATALYST = NO;
				SWIFT_EMIT_LOC_STRINGS = YES;
				SWIFT_VERSION = 5.0;
				TARGETED_DEVICE_FAMILY = "1,2";
				XROS_DEPLOYMENT_TARGET = 2.5;
			};
			name = Release;
		};
		FBD9F1E32E053716001A326A /* Debug */ = {
			isa = XCBuildConfiguration;
			buildSettings = {
				BUNDLE_LOADER = "$(TEST_HOST)";
				CODE_SIGN_STYLE = Automatic;
				CURRENT_PROJECT_VERSION = 1;
				DEVELOPMENT_TEAM = 7TJTVN33V2;
				GENERATE_INFOPLIST_FILE = YES;
				IPHONEOS_DEPLOYMENT_TARGET = 18.5;
				MACOSX_DEPLOYMENT_TARGET = 15.5;
				MARKETING_VERSION = 1.0;
				PRODUCT_BUNDLE_IDENTIFIER = com.steliostechtips.multitoolsTests;
				PRODUCT_NAME = "$(TARGET_NAME)";
				SDKROOT = auto;
				SUPPORTED_PLATFORMS = "iphoneos iphonesimulator macosx xros xrsimulator";
				SWIFT_EMIT_LOC_STRINGS = NO;
				SWIFT_VERSION = 5.0;
				TARGETED_DEVICE_FAMILY = "1,2,7";
				TEST_HOST = "$(BUILT_PRODUCTS_DIR)/multitools.app/$(BUNDLE_EXECUTABLE_FOLDER_PATH)/multitools";
				XROS_DEPLOYMENT_TARGET = 2.5;
			};
			name = Debug;
		};
		FBD9F1E42E053716001A326A /* Release */ = {
			isa = XCBuildConfiguration;
			buildSettings = {
				BUNDLE_LOADER = "$(TEST_HOST)";
				CODE_SIGN_STYLE = Automatic;
				CURRENT_PROJECT_VERSION = 1;
				DEVELOPMENT_TEAM = 7TJTVN33V2;
				GENERATE_INFOPLIST_FILE = YES;
				IPHONEOS_DEPLOYMENT_TARGET = 18.5;
				MACOSX_DEPLOYMENT_TARGET = 15.5;
				MARKETING_VERSION = 1.0;
				PRODUCT_BUNDLE_IDENTIFIER = com.steliostechtips.multitoolsTests;
				PRODUCT_NAME = "$(TARGET_NAME)";
				SDKROOT = auto;
				SUPPORTED_PLATFORMS = "iphoneos iphonesimulator macosx xros xrsimulator";
				SWIFT_EMIT_LOC_STRINGS = NO;
				SWIFT_VERSION = 5.0;
				TARGETED_DEVICE_FAMILY = "1,2,7";
				TEST_HOST = "$(BUILT_PRODUCTS_DIR)/multitools.app/$(BUNDLE_EXECUTABLE_FOLDER_PATH)/multitools";
				XROS_DEPLOYMENT_TARGET = 2.5;
			};
			name = Release;
		};
		FBD9F1E62E053716001A326A /* Debug */ = {
			isa = XCBuildConfiguration;
			buildSettings = {
				CODE_SIGN_STYLE = Automatic;
				CURRENT_PROJECT_VERSION = 1;
				DEVELOPMENT_TEAM = 7TJTVN33V2;
				GENERATE_INFOPLIST_FILE = YES;
				IPHONEOS_DEPLOYMENT_TARGET = 18.5;
				MACOSX_DEPLOYMENT_TARGET = 15.5;
				MARKETING_VERSION = 1.0;
				PRODUCT_BUNDLE_IDENTIFIER = com.steliostechtips.multitoolsUITests;
				PRODUCT_NAME = "$(TARGET_NAME)";
				SDKROOT = auto;
				SUPPORTED_PLATFORMS = "iphoneos iphonesimulator macosx xros xrsimulator";
				SWIFT_EMIT_LOC_STRINGS = NO;
				SWIFT_VERSION = 5.0;
				TARGETED_DEVICE_FAMILY = "1,2,7";
				TEST_TARGET_NAME = multitools;
				XROS_DEPLOYMENT_TARGET = 2.5;
			};
			name = Debug;
		};
		FBD9F1E72E053716001A326A /* Release */ = {
			isa = XCBuildConfiguration;
			buildSettings = {
				CODE_SIGN_STYLE = Automatic;
				CURRENT_PROJECT_VERSION = 1;
				DEVELOPMENT_TEAM = 7TJTVN33V2;
				GENERATE_INFOPLIST_FILE = YES;
				IPHONEOS_DEPLOYMENT_TARGET = 18.5;
				MACOSX_DEPLOYMENT_TARGET = 15.5;
				MARKETING_VERSION = 1.0;
				PRODUCT_BUNDLE_IDENTIFIER = com.steliostechtips.multitoolsUITests;
				PRODUCT_NAME = "$(TARGET_NAME)";
				SDKROOT = auto;
				SUPPORTED_PLATFORMS = "iphoneos iphonesimulator macosx xros xrsimulator";
				SWIFT_EMIT_LOC_STRINGS = NO;
				SWIFT_VERSION = 5.0;
				TARGETED_DEVICE_FAMILY = "1,2,7";
				TEST_TARGET_NAME = multitools;
				XROS_DEPLOYMENT_TARGET = 2.5;
			};
			name = Release;
		};
/* End XCBuildConfiguration section */

/* Begin XCConfigurationList section */
		FBD9F1B82E053715001A326A /* Build configuration list for PBXProject "multitools" */ = {
			isa = XCConfigurationList;
			buildConfigurations = (
				FBD9F1DD2E053716001A326A /* Debug */,
				FBD9F1DE2E053716001A326A /* Release */,
			);
			defaultConfigurationIsVisible = 0;
			defaultConfigurationName = Release;
		};
		FBD9F1DF2E053716001A326A /* Build configuration list for PBXNativeTarget "multitools" */ = {
			isa = XCConfigurationList;
			buildConfigurations = (
				FBD9F1E02E053716001A326A /* Debug */,
				FBD9F1E12E053716001A326A /* Release */,
			);
			defaultConfigurationIsVisible = 0;
			defaultConfigurationName = Release;
		};
		FBD9F1E22E053716001A326A /* Build configuration list for PBXNativeTarget "multitoolsTests" */ = {
			isa = XCConfigurationList;
			buildConfigurations = (
				FBD9F1E32E053716001A326A /* Debug */,
				FBD9F1E42E053716001A326A /* Release */,
			);
			defaultConfigurationIsVisible = 0;
			defaultConfigurationName = Release;
		};
		FBD9F1E52E053716001A326A /* Build configuration list for PBXNativeTarget "multitoolsUITests" */ = {
			isa = XCConfigurationList;
			buildConfigurations = (
				FBD9F1E62E053716001A326A /* Debug */,
				FBD9F1E72E053716001A326A /* Release */,
			);
			defaultConfigurationIsVisible = 0;
			defaultConfigurationName = Release;
		};
/* End XCConfigurationList section */
	};
	rootObject = FBD9F1B52E053715001A326A /* Project object */;
}
